
Microsoft Visual Studio Solution File, Format Version 12.00
# Visual Studio Version 16
VisualStudioVersion = 16.0.30907.101
MinimumVisualStudioVersion = 10.0.40219.1
Project("{9A19103F-16F7-4668-BE54-9A1E7A4F7556}") = "DataAccess", "DataAccess\DataAccess.csproj", "{606A6446-5E34-47E5-A969-491A5EFDD3FD}"
EndProject
Project("{9A19103F-16F7-4668-BE54-9A1E7A4F7556}") = "Business", "Business\Business.csproj", "{D693631B-3BAA-45EB-9F1B-91C3356FC193}"
EndProject
Project("{9A19103F-16F7-4668-BE54-9A1E7A4F7556}") = "Entities", "Entities\Entities.csproj", "{5042F70E-1144-4C24-91DF-9DBFB2574402}"
EndProject
Project("{9A19103F-16F7-4668-BE54-9A1E7A4F7556}") = "ConsoleUI", "ConsoleUI\ConsoleUI.csproj", "{B5BFF2A4-4E92-41CC-A571-67F72AA209EC}"
EndProject
Project("{FAE04EC0-301F-11D3-BF4B-00C04F79EFBC}") = "Core", "Core\Core.csproj", "{D89EB13F-0FEC-4F1D-B67E-4BE6852123CF}"
EndProject
Global
	GlobalSection(SolutionConfigurationPlatforms) = preSolution
		Debug|Any CPU = Debug|Any CPU
		Release|Any CPU = Release|Any CPU
	EndGlobalSection
	GlobalSection(ProjectConfigurationPlatforms) = postSolution
		{606A6446-5E34-47E5-A969-491A5EFDD3FD}.Debug|Any CPU.ActiveCfg = Debug|Any CPU
		{606A6446-5E34-47E5-A969-491A5EFDD3FD}.Debug|Any CPU.Build.0 = Debug|Any CPU
		{606A6446-5E34-47E5-A969-491A5EFDD3FD}.Release|Any CPU.ActiveCfg = Release|Any CPU
		{606A6446-5E34-47E5-A969-491A5EFDD3FD}.Release|Any CPU.Build.0 = Release|Any CPU
		{D693631B-3BAA-45EB-9F1B-91C3356FC193}.Debug|Any CPU.ActiveCfg = Debug|Any CPU
		{D693631B-3BAA-45EB-9F1B-91C3356FC193}.Debug|Any CPU.Build.0 = Debug|Any CPU
		{D693631B-3BAA-45EB-9F1B-91C3356FC193}.Release|Any CPU.ActiveCfg = Release|Any CPU
		{D693631B-3BAA-45EB-9F1B-91C3356FC193}.Release|Any CPU.Build.0 = Release|Any CPU
		{5042F70E-1144-4C24-91DF-9DBFB2574402}.Debug|Any CPU.ActiveCfg = Debug|Any CPU
		{5042F70E-1144-4C24-91DF-9DBFB2574402}.Debug|Any CPU.Build.0 = Debug|Any CPU
		{5042F70E-1144-4C24-91DF-9DBFB2574402}.Release|Any CPU.ActiveCfg = Release|Any CPU
		{5042F70E-1144-4C24-91DF-9DBFB2574402}.Release|Any CPU.Build.0 = Release|Any CPU
		{B5BFF2A4-4E92-41CC-A571-67F72AA209EC}.Debug|Any CPU.ActiveCfg = Debug|Any CPU
		{B5BFF2A4-4E92-41CC-A571-67F72AA209EC}.Debug|Any CPU.Build.0 = Debug|Any CPU
		{B5BFF2A4-4E92-41CC-A571-67F72AA209EC}.Release|Any CPU.ActiveCfg = Release|Any CPU
		{B5BFF2A4-4E92-41CC-A571-67F72AA209EC}.Release|Any CPU.Build.0 = Release|Any CPU
		{D89EB13F-0FEC-4F1D-B67E-4BE6852123CF}.Debug|Any CPU.ActiveCfg = Debug|Any CPU
		{D89EB13F-0FEC-4F1D-B67E-4BE6852123CF}.Debug|Any CPU.Build.0 = Debug|Any CPU
		{D89EB13F-0FEC-4F1D-B67E-4BE6852123CF}.Release|Any CPU.ActiveCfg = Release|Any CPU
		{D89EB13F-0FEC-4F1D-B67E-4BE6852123CF}.Release|Any CPU.Build.0 = Release|Any CPU
	EndGlobalSection
	GlobalSection(SolutionProperties) = preSolution
		HideSolutionNode = FALSE
	EndGlobalSection
	GlobalSection(ExtensibilityGlobals) = postSolution
		SolutionGuid = {9EA9D3FA-035A-42D4-ACA5-3605655C2ACB}
	EndGlobalSection
EndGlobal
